<?xml version="1.0" encoding="utf-8"?>
<Project ToolsVersion="4.0" xmlns="http://schemas.microsoft.com/developer/msbuild/2003">
  <ItemGroup>
    <Filter Include="源文件">
      <UniqueIdentifier>{4FC737F1-C7A5-4376-A066-2A32D752A2FF}</UniqueIdentifier>
      <Extensions>cpp;c;cc;cxx;c++;cppm;ixx;def;odl;idl;hpj;bat;asm;asmx</Extensions>
    </Filter>
    <Filter Include="头文件">
      <UniqueIdentifier>{93995380-89BD-4b04-88EB-625FBE52EBFB}</UniqueIdentifier>
      <Extensions>h;hh;hpp;hxx;h++;hm;inl;inc;ipp;xsd</Extensions>
    </Filter>
    <Filter Include="资源文件">
      <UniqueIdentifier>{67DA6AB6-F800-4c08-8B7A-83BB121AAD01}</UniqueIdentifier>
      <Extensions>rc;ico;cur;bmp;dlg;rc2;rct;bin;rgs;gif;jpg;jpeg;jpe;resx;tiff;tif;png;wav;mfcribbon-ms</Extensions>
    </Filter>
  </ItemGroup>
  <ItemGroup>
    <ClCompile Include="Engine\EngineFactory.cpp">
      <Filter>源文件</Filter>
    </ClCompile>
    <ClCompile Include="Engine\main.cpp">
      <Filter>源文件</Filter>
    </ClCompile>
    <ClCompile Include="Engine\Platform\Windows\WinMainCommandParameters.cpp">
      <Filter>源文件</Filter>
    </ClCompile>
    <ClCompile Include="Engine\Platform\Windows\WindowsEngine.cpp">
      <Filter>源文件</Filter>
    </ClCompile>
    <ClCompile Include="Engine\Platform\Windows\WindowsMessageProcessing.cpp">
      <Filter>源文件</Filter>
    </ClCompile>
    <ClCompile Include="Engine\Shader\Shader.cpp">
      <Filter>源文件</Filter>
    </ClCompile>
    <ClCompile Include="Engine\Render\Render.cpp">
      <Filter>源文件</Filter>
    </ClCompile>
    <ClCompile Include="Engine\Config\RenderConfig.cpp">
      <Filter>源文件</Filter>
    </ClCompile>
    <ClCompile Include="Engine\Mesh\BaseMesh.cpp">
      <Filter>源文件</Filter>
    </ClCompile>
    <ClCompile Include="Engine\Mesh\MeshType.cpp">
      <Filter>源文件</Filter>
    </ClCompile>
    <ClCompile Include="Engine\Mesh\SubMesh\MeshGroup.cpp">
      <Filter>源文件</Filter>
    </ClCompile>
    <ClCompile Include="Engine\Render\ResourcesUpdate.cpp">
      <Filter>源文件</Filter>
    </ClCompile>
    <ClCompile Include="Engine\ViewPort\Viewport.cpp">
      <Filter>源文件</Filter>
    </ClCompile>
    <ClCompile Include="Engine\Component\Input\InputComponent.cpp">
      <Filter>源文件</Filter>
    </ClCompile>
    <ClCompile Include="Engine\Component\TransformComponent\TransformComponent.cpp">
      <Filter>源文件</Filter>
    </ClCompile>
    <ClCompile Include="Engine\Camera\Camera.cpp">
      <Filter>源文件</Filter>
    </ClCompile>
    <ClCompile Include="Engine\Component\Input\RInputType.cpp">
      <Filter>源文件</Filter>
    </ClCompile>
    <ClCompile Include="Engine\World.cpp">
      <Filter>源文件</Filter>
    </ClCompile>
    <ClCompile Include="Engine\Engine.cpp">
      <Filter>源文件</Filter>
    </ClCompile>
    <ClCompile Include="Engine\Manage\MeshManage.cpp">
      <Filter>源文件</Filter>
    </ClCompile>
    <ClCompile Include="Engine\Render\ConstontBuffer\ObjectTransformation.cpp">
      <Filter>源文件</Filter>
    </ClCompile>
    <ClCompile Include="Engine\Render\Engine\RenderEngine.cpp">
      <Filter>源文件</Filter>
    </ClCompile>
    <ClCompile Include="Engine\Render\Engine\DXRenderEngine.cpp">
      <Filter>源文件</Filter>
    </ClCompile>
    <ClCompile Include="Engine\Component\Input\Input.cpp">
      <Filter>源文件</Filter>
    </ClCompile>
    <ClCompile Include="Engine\Interface\DXDeviceInterface.cpp">
      <Filter>源文件</Filter>
    </ClCompile>
    <ClCompile Include="Engine\Render\Buffer\ConstructBuffer.cpp">
      <Filter>源文件</Filter>
    </ClCompile>
    <ClCompile Include="Engine\Math\RMath.cpp">
      <Filter>源文件</Filter>
    </ClCompile>
    <ClCompile Include="Engine\Render\ConstontBuffer\ViewportTransform.cpp">
      <Filter>源文件</Filter>
    </ClCompile>
    <ClCompile Include="Engine\Render\Pipeline\DX12Pipeline.cpp">
      <Filter>源文件</Filter>
    </ClCompile>
    <ClCompile Include="Engine\Render\Pipeline\PipelineState\DXPipelineState.cpp">
      <Filter>源文件</Filter>
    </ClCompile>
    <ClCompile Include="Engine\Render\Pipeline\RootSignature\DXRootSignature.cpp">
      <Filter>源文件</Filter>
    </ClCompile>
    <ClCompile Include="Engine\Render\Pipeline\DescriptorHeap\DXDescriptorHeap.cpp">
      <Filter>源文件</Filter>
    </ClCompile>
    <ClCompile Include="Engine\Render\Pipeline\Geometry\GeometryMap.cpp">
      <Filter>源文件</Filter>
    </ClCompile>
    <ClCompile Include="Engine\Render\Pipeline\BufferView\ConstantBufferView.cpp">
      <Filter>源文件</Filter>
    </ClCompile>
    <ClCompile Include="Engine\Render\Pipeline\Geometry\RenderMeshData.cpp">
      <Filter>源文件</Filter>
    </ClCompile>
    <ClCompile Include="Engine\Actor\ActorObject.cpp">
      <Filter>源文件</Filter>
    </ClCompile>
    <ClCompile Include="Engine\Component\Light\LightComponent.cpp">
      <Filter>源文件</Filter>
    </ClCompile>
    <ClCompile Include="Engine\Materials\Material.cpp">
      <Filter>源文件</Filter>
    </ClCompile>
    <ClCompile Include="Engine\Render\ConstontBuffer\LightConstantBuffer.cpp">
      <Filter>源文件</Filter>
    </ClCompile>
    <ClCompile Include="Engine\Render\ConstontBuffer\MaterialConstantBuffer.cpp">
      <Filter>源文件</Filter>
    </ClCompile>
    <ClCompile Include="Engine\Component\Mesh\MeshComponent.cpp">
      <Filter>源文件</Filter>
    </ClCompile>
    <ClCompile Include="Engine\Component\Mesh\StaticMeshComponent.cpp">
      <Filter>源文件</Filter>
    </ClCompile>
    <ClCompile Include="Engine\Component\Mesh\SubMeshComponent\CustomMeshComponent.cpp">
      <Filter>源文件</Filter>
    </ClCompile>
    <ClCompile Include="Engine\Manage\LightManage.cpp">
      <Filter>源文件</Filter>
    </ClCompile>
    <ClCompile Include="Engine\Light\Light.cpp">
      <Filter>源文件</Filter>
    </ClCompile>
    <ClCompile Include="Engine\LoadAsset\ObjectAnalysis.cpp">
      <Filter>源文件</Filter>
    </ClCompile>
    <ClCompile Include="Engine\Manage\TextureManage.cpp">
      <Filter>源文件</Filter>
    </ClCompile>
    <ClCompile Include="Engine\Render\Pipeline\RenderLayer\RenderLayerType\BaseRenderLayer.cpp">
      <Filter>源文件</Filter>
    </ClCompile>
    <ClCompile Include="Engine\Render\Pipeline\RenderLayer\RenderLayerManage.cpp">
      <Filter>源文件</Filter>
    </ClCompile>
    <ClCompile Include="Engine\LoadAsset\DDSTextureLoader.cpp">
      <Filter>源文件</Filter>
    </ClCompile>
    <ClCompile Include="Engine\Render\Pipeline\UI\ImGuiPipeline.cpp">
      <Filter>源文件</Filter>
    </ClCompile>
    <ClCompile Include="imgui\imgui.cpp">
      <Filter>源文件</Filter>
    </ClCompile>
    <ClCompile Include="imgui\imgui_demo.cpp">
      <Filter>源文件</Filter>
    </ClCompile>
    <ClCompile Include="imgui\imgui_draw.cpp">
      <Filter>源文件</Filter>
    </ClCompile>
    <ClCompile Include="imgui\imgui_tables.cpp">
      <Filter>源文件</Filter>
    </ClCompile>
    <ClCompile Include="imgui\imgui_widgets.cpp">
      <Filter>源文件</Filter>
    </ClCompile>
    <ClCompile Include="imgui\libs\usynergy\uSynergy.c">
      <Filter>源文件</Filter>
    </ClCompile>
    <ClCompile Include="imgui\backends\imgui_impl_dx12.cpp">
      <Filter>源文件</Filter>
    </ClCompile>
    <ClCompile Include="imgui\backends\imgui_impl_win32.cpp">
      <Filter>源文件</Filter>
    </ClCompile>
    <ClCompile Include="Editor\Editor.cpp">
      <Filter>源文件</Filter>
    </ClCompile>
    <ClCompile Include="Editor\EditorBase.cpp">
      <Filter>源文件</Filter>
    </ClCompile>
    <ClCompile Include="Editor\Log\LogEditor.cpp">
      <Filter>源文件</Filter>
    </ClCompile>
    <ClCompile Include="Editor\Toolbar\ToolbarEditor.cpp">
      <Filter>源文件</Filter>
    </ClCompile>
    <ClCompile Include="Editor\Log\LogSystem.cpp">
      <Filter>源文件</Filter>
    </ClCompile>
    <ClCompile Include="Engine\RayCast\RayCastSystem.cpp">
      <Filter>源文件</Filter>
    </ClCompile>
    <ClCompile Include="Engine\Collision\CollisionSystem.cpp">
      <Filter>源文件</Filter>
    </ClCompile>
    <ClCompile Include="Engine\Shader\ShaderMacro.cpp">
      <Filter>源文件</Filter>
    </ClCompile>
    <ClCompile Include="Editor\Explorer\ObjectExplorer.cpp">
      <Filter>源文件</Filter>
    </ClCompile>
    <ClCompile Include="Common\EngineEditorCommon.cpp">
      <Filter>源文件</Filter>
    </ClCompile>
    <ClCompile Include="Engine\ViewPort\ViewportData.cpp">
      <Filter>源文件</Filter>
    </ClCompile>
    <ClCompile Include="Engine\ViewPort\ClientViewport.cpp">
      <Filter>源文件</Filter>
    </ClCompile>
    <ClCompile Include="LinkCodeReflection.build.cpp">
      <Filter>源文件</Filter>
    </ClCompile>
    <ClCompile Include="Editor\Inspector\InspectorEditor.cpp">
      <Filter>源文件</Filter>
    </ClCompile>
    <ClCompile Include="Editor\Inspector\InspectorMapping.cpp">
      <Filter>源文件</Filter>
    </ClCompile>
    <ClCompile Include="Editor\Inspector\PropertyInspectorMapping.cpp">
      <Filter>源文件</Filter>
    </ClCompile>
    <ClCompile Include="Editor\Inspector\RegisterInspector.cpp">
      <Filter>源文件</Filter>
    </ClCompile>
    <ClCompile Include="Engine\Mesh\SubMesh\BoxMesh.cpp">
      <Filter>源文件</Filter>
    </ClCompile>
    <ClCompile Include="Engine\Component\Mesh\SubMeshComponent\BoxMeshComponent.cpp">
      <Filter>源文件</Filter>
    </ClCompile>
    <ClCompile Include="Engine\Component\Mesh\SubMeshComponent\ConeMeshComponent.cpp">
      <Filter>源文件</Filter>
    </ClCompile>
    <ClCompile Include="Engine\Component\Mesh\SubMeshComponent\CylinderMeshComponent.cpp">
      <Filter>源文件</Filter>
    </ClCompile>
    <ClCompile Include="Engine\Component\Mesh\SubMeshComponent\PlaneMeshComponent.cpp">
      <Filter>源文件</Filter>
    </ClCompile>
    <ClCompile Include="Engine\Component\Mesh\SubMeshComponent\SphereMeshComponent.cpp">
      <Filter>源文件</Filter>
    </ClCompile>
    <ClCompile Include="Engine\Mesh\SubMesh\ConeMesh.cpp">
      <Filter>源文件</Filter>
    </ClCompile>
    <ClCompile Include="Engine\Mesh\SubMesh\CustomMesh.cpp">
      <Filter>源文件</Filter>
    </ClCompile>
    <ClCompile Include="Engine\Mesh\SubMesh\CylinderMesh.cpp">
      <Filter>源文件</Filter>
    </ClCompile>
    <ClCompile Include="Engine\Mesh\SubMesh\PlaneMesh.cpp">
      <Filter>源文件</Filter>
    </ClCompile>
    <ClCompile Include="Engine\Mesh\SubMesh\SphereMesh.cpp">
      <Filter>源文件</Filter>
    </ClCompile>
    <ClCompile Include="Engine\Component\Light\PointLightComponent.cpp">
      <Filter>源文件</Filter>
    </ClCompile>
    <ClCompile Include="Engine\Component\Light\ParallelLightComponent.cpp">
      <Filter>源文件</Filter>
    </ClCompile>
    <ClCompile Include="Engine\Component\Light\SpotLightComponent.cpp">
      <Filter>源文件</Filter>
    </ClCompile>
    <ClCompile Include="Engine\Light\ParallelLight.cpp">
      <Filter>源文件</Filter>
    </ClCompile>
    <ClCompile Include="Engine\Light\PointLight.cpp">
      <Filter>源文件</Filter>
    </ClCompile>
    <ClCompile Include="Engine\Light\SpotLight.cpp">
      <Filter>源文件</Filter>
    </ClCompile>
    <ClCompile Include="Editor\Inspector\ClassInspectorMapping.cpp">
      <Filter>源文件</Filter>
    </ClCompile>
    <ClCompile Include="Editor\OperationHandle\OperationHandleManage.cpp">
      <Filter>源文件</Filter>
    </ClCompile>
    <ClCompile Include="Editor\OperationHandle\OperationHandleBase.cpp">
      <Filter>源文件</Filter>
    </ClCompile>
    <ClCompile Include="Editor\OperationHandle\MoveArrow.cpp">
      <Filter>源文件</Filter>
    </ClCompile>
    <ClCompile Include="Editor\OperationHandle\RotatorArrow.cpp">
      <Filter>源文件</Filter>
    </ClCompile>
    <ClCompile Include="Editor\OperationHandle\ScalingArrow.cpp">
      <Filter>源文件</Filter>
    </ClCompile>
    <ClCompile Include="Engine\Render\Pipeline\RenderLayer\RenderLayerType\OpaqueLayer.cpp">
      <Filter>源文件</Filter>
    </ClCompile>
    <ClCompile Include="Engine\Render\Pipeline\RenderLayer\RenderLayerType\SelectLayer.cpp">
      <Filter>源文件</Filter>
    </ClCompile>
    <ClCompile Include="Engine\Render\Pipeline\RenderLayer\RenderLayerType\SkyLayer.cpp">
      <Filter>源文件</Filter>
    </ClCompile>
    <ClCompile Include="Engine\Render\Pipeline\RenderLayer\RenderLayerType\PositionHandleLayer.cpp">
      <Filter>源文件</Filter>
    </ClCompile>
    <ClCompile Include="Engine\Render\Pipeline\RenderLayer\RenderLayerType\RotateHandleLayer.cpp">
      <Filter>源文件</Filter>
    </ClCompile>
    <ClCompile Include="Timer\GameTimer.cpp">
      <Filter>源文件</Filter>
    </ClCompile>
  </ItemGroup>
  <ItemGroup>
    <ClInclude Include="Engine\EngineFactory.h">
      <Filter>头文件</Filter>
    </ClInclude>
    <ClInclude Include="Engine\EngineMinimal.h">
      <Filter>头文件</Filter>
    </ClInclude>
    <ClInclude Include="Engine\Engine.h">
      <Filter>头文件</Filter>
    </ClInclude>
    <ClInclude Include="Engine\Platform\Windows\WinMainCommandParameters.h">
      <Filter>头文件</Filter>
    </ClInclude>
    <ClInclude Include="Engine\Debug\Log\SimpleLog.h">
      <Filter>头文件</Filter>
    </ClInclude>
    <ClInclude Include="Engine\Platform\Windows\WindowsEngine.h">
      <Filter>头文件</Filter>
    </ClInclude>
    <ClInclude Include="Engine\Platform\Windows\WindowsMessageProcessing.h">
      <Filter>头文件</Filter>
    </ClInclude>
    <ClInclude Include="Engine\Debug\EngineLog.h">
      <Filter>头文件</Filter>
    </ClInclude>
    <ClInclude Include="Engine\Render\DX12\d3dx12.h">
      <Filter>头文件</Filter>
    </ClInclude>
    <ClInclude Include="Engine\Shader\Shader.h">
      <Filter>头文件</Filter>
    </ClInclude>
    <ClInclude Include="Engine\Render\Render.h">
      <Filter>头文件</Filter>
    </ClInclude>
    <ClInclude Include="Engine\Config\RenderConfig.h">
      <Filter>头文件</Filter>
    </ClInclude>
    <ClInclude Include="Engine\Mesh\BaseMesh.h">
      <Filter>头文件</Filter>
    </ClInclude>
    <ClInclude Include="Engine\Mesh\MeshType.h">
      <Filter>头文件</Filter>
    </ClInclude>
    <ClInclude Include="Engine\Math\RMath.h">
      <Filter>头文件</Filter>
    </ClInclude>
    <ClInclude Include="Engine\Mesh\SubMesh\MeshGroup.h">
      <Filter>头文件</Filter>
    </ClInclude>
    <ClInclude Include="Engine\Render\ResourcesUpdate.h">
      <Filter>头文件</Filter>
    </ClInclude>
    <ClInclude Include="Engine\Camera\Camera.h">
      <Filter>头文件</Filter>
    </ClInclude>
    <ClInclude Include="Engine\ViewPort\Viewport.h">
      <Filter>头文件</Filter>
    </ClInclude>
    <ClInclude Include="Engine\Component\Input\InputComponent.h">
      <Filter>头文件</Filter>
    </ClInclude>
    <ClInclude Include="Engine\Component\TransformComponent\TransformComponent.h">
      <Filter>头文件</Filter>
    </ClInclude>
    <ClInclude Include="Engine\Platform\Windows\WindowsPlatform.h">
      <Filter>头文件</Filter>
    </ClInclude>
    <ClInclude Include="Engine\Component\Input\RInputType.h">
      <Filter>头文件</Filter>
    </ClInclude>
    <ClInclude Include="Engine\World.h">
      <Filter>头文件</Filter>
    </ClInclude>
    <ClInclude Include="Engine\Manage\MeshManage.h">
      <Filter>头文件</Filter>
    </ClInclude>
    <ClInclude Include="Engine\Render\ConstontBuffer\ObjectTransformation.h">
      <Filter>头文件</Filter>
    </ClInclude>
    <ClInclude Include="Engine\Render\Engine\RenderEngine.h">
      <Filter>头文件</Filter>
    </ClInclude>
    <ClInclude Include="Engine\Render\Engine\DXRenderEngine.h">
      <Filter>头文件</Filter>
    </ClInclude>
    <ClInclude Include="Engine\Component\Input\Input.h">
      <Filter>头文件</Filter>
    </ClInclude>
    <ClInclude Include="Engine\Interface\DXDeviceInterface.h">
      <Filter>头文件</Filter>
    </ClInclude>
    <ClInclude Include="Engine\Render\Buffer\ConstructBuffer.h">
      <Filter>头文件</Filter>
    </ClInclude>
    <ClInclude Include="Engine\Camera\CameraType.h">
      <Filter>头文件</Filter>
    </ClInclude>
    <ClInclude Include="Engine\ViewPort\ViewportInfo.h">
      <Filter>头文件</Filter>
    </ClInclude>
    <ClInclude Include="Engine\Render\ConstontBuffer\ViewportTransform.h">
      <Filter>头文件</Filter>
    </ClInclude>
    <ClInclude Include="Engine\Render\Pipeline\DX12Pipeline.h">
      <Filter>头文件</Filter>
    </ClInclude>
    <ClInclude Include="Engine\Render\Pipeline\PipelineState\DXPipelineState.h">
      <Filter>头文件</Filter>
    </ClInclude>
    <ClInclude Include="Engine\Render\Pipeline\RootSignature\DXRootSignature.h">
      <Filter>头文件</Filter>
    </ClInclude>
    <ClInclude Include="Engine\Render\Pipeline\DescriptorHeap\DXDescriptorHeap.h">
      <Filter>头文件</Filter>
    </ClInclude>
    <ClInclude Include="Engine\Render\Pipeline\Geometry\GeometryMap.h">
      <Filter>头文件</Filter>
    </ClInclude>
    <ClInclude Include="Engine\Render\Pipeline\BufferView\ConstantBufferView.h">
      <Filter>头文件</Filter>
    </ClInclude>
    <ClInclude Include="Engine\Render\Pipeline\Geometry\RenderMeshData.h">
      <Filter>头文件</Filter>
    </ClInclude>
    <ClInclude Include="Engine\Actor\ActorObject.h">
      <Filter>头文件</Filter>
    </ClInclude>
    <ClInclude Include="Engine\Component\Light\LightComponent.h">
      <Filter>头文件</Filter>
    </ClInclude>
    <ClInclude Include="Engine\Materials\Material.h">
      <Filter>头文件</Filter>
    </ClInclude>
    <ClInclude Include="Engine\Render\ConstontBuffer\LightConstantBuffer.h">
      <Filter>头文件</Filter>
    </ClInclude>
    <ClInclude Include="Engine\Render\ConstontBuffer\MaterialConstantBuffer.h">
      <Filter>头文件</Filter>
    </ClInclude>
    <ClInclude Include="Engine\Render\Pipeline\DX12PipelineType.h">
      <Filter>头文件</Filter>
    </ClInclude>
    <ClInclude Include="Engine\Materials\MaterialType.h">
      <Filter>头文件</Filter>
    </ClInclude>
    <ClInclude Include="Engine\Component\Mesh\MeshComponent.h">
      <Filter>头文件</Filter>
    </ClInclude>
    <ClInclude Include="Engine\Component\Mesh\StaticMeshComponent.h">
      <Filter>头文件</Filter>
    </ClInclude>
    <ClInclude Include="Engine\Component\Mesh\SubMeshComponent\CustomMeshComponent.h">
      <Filter>头文件</Filter>
    </ClInclude>
    <ClInclude Include="Engine\Manage\LightManage.h">
      <Filter>头文件</Filter>
    </ClInclude>
    <ClInclude Include="Engine\Light\Light.h">
      <Filter>头文件</Filter>
    </ClInclude>
    <ClInclude Include="Engine\Component\RComponentMinimal.h">
      <Filter>头文件</Filter>
    </ClInclude>
    <ClInclude Include="Engine\Render\ConstontBuffer\ConstontBufferMinimal.h">
      <Filter>头文件</Filter>
    </ClInclude>
    <ClInclude Include="Engine\Component\Light\LightType.h">
      <Filter>头文件</Filter>
    </ClInclude>
    <ClInclude Include="Engine\LoadAsset\ObjectAnalysis.h">
      <Filter>头文件</Filter>
    </ClInclude>
    <ClInclude Include="Engine\Manage\TextureManage.h">
      <Filter>头文件</Filter>
    </ClInclude>
    <ClInclude Include="Engine\Construction\MeshConstruction.h">
      <Filter>头文件</Filter>
    </ClInclude>
    <ClInclude Include="Engine\Construction\ActorMeshConstruction.h">
      <Filter>头文件</Filter>
    </ClInclude>
    <ClInclude Include="Engine\Construction\MacroConstruction.h">
      <Filter>头文件</Filter>
    </ClInclude>
    <ClInclude Include="Engine\Render\Pipeline\RenderLayer\RenderLayerType\BaseRenderLayer.h">
      <Filter>头文件</Filter>
    </ClInclude>
    <ClInclude Include="Engine\Render\Pipeline\RenderLayer\RenderLayerManage.h">
      <Filter>头文件</Filter>
    </ClInclude>
    <ClInclude Include="Engine\Render\Pipeline\RenderLayer\RenderLayerType.h">
      <Filter>头文件</Filter>
    </ClInclude>
    <ClInclude Include="Engine\LoadAsset\DDSTextureLoader.h">
      <Filter>头文件</Filter>
    </ClInclude>
    <ClInclude Include="Engine\Render\Pipeline\UI\ImGuiPipeline.h">
      <Filter>头文件</Filter>
    </ClInclude>
    <ClInclude Include="imgui\imconfig.h">
      <Filter>头文件</Filter>
    </ClInclude>
    <ClInclude Include="imgui\imgui.h">
      <Filter>头文件</Filter>
    </ClInclude>
    <ClInclude Include="imgui\imgui_internal.h">
      <Filter>头文件</Filter>
    </ClInclude>
    <ClInclude Include="imgui\imstb_rectpack.h">
      <Filter>头文件</Filter>
    </ClInclude>
    <ClInclude Include="imgui\imstb_textedit.h">
      <Filter>头文件</Filter>
    </ClInclude>
    <ClInclude Include="imgui\imstb_truetype.h">
      <Filter>头文件</Filter>
    </ClInclude>
    <ClInclude Include="imgui\libs\glfw\include\GLFW\glfw3native.h">
      <Filter>头文件</Filter>
    </ClInclude>
    <ClInclude Include="imgui\libs\glfw\include\GLFW\glfw3.h">
      <Filter>头文件</Filter>
    </ClInclude>
    <ClInclude Include="imgui\libs\usynergy\uSynergy.h">
      <Filter>头文件</Filter>
    </ClInclude>
    <ClInclude Include="imgui\backends\imgui_impl_dx12.h">
      <Filter>头文件</Filter>
    </ClInclude>
    <ClInclude Include="imgui\backends\imgui_impl_win32.h">
      <Filter>头文件</Filter>
    </ClInclude>
    <ClInclude Include="Editor\Editor.h">
      <Filter>头文件</Filter>
    </ClInclude>
    <ClInclude Include="Editor\EditorBase.h">
      <Filter>头文件</Filter>
    </ClInclude>
    <ClInclude Include="Editor\Log\LogEditor.h">
      <Filter>头文件</Filter>
    </ClInclude>
    <ClInclude Include="Editor\Toolbar\ToolbarEditor.h">
      <Filter>头文件</Filter>
    </ClInclude>
    <ClInclude Include="Editor\Log\LogSystem.h">
      <Filter>头文件</Filter>
    </ClInclude>
    <ClInclude Include="Engine\EngineMacro.h">
      <Filter>头文件</Filter>
    </ClInclude>
    <ClInclude Include="Engine\RayCast\RayCastSystem.h">
      <Filter>头文件</Filter>
    </ClInclude>
    <ClInclude Include="Engine\Collision\CollisionSystem.h">
      <Filter>头文件</Filter>
    </ClInclude>
    <ClInclude Include="Engine\Shader\ShaderMacro.h">
      <Filter>头文件</Filter>
    </ClInclude>
    <ClInclude Include="Editor\Explorer\ObjectExplorer.h">
      <Filter>头文件</Filter>
    </ClInclude>
    <ClInclude Include="Common\EngineEditorCommon.h">
      <Filter>头文件</Filter>
    </ClInclude>
    <ClInclude Include="Engine\ViewPort\ViewportData.h">
      <Filter>头文件</Filter>
    </ClInclude>
    <ClInclude Include="Engine\ViewPort\ClientViewport.h">
      <Filter>头文件</Filter>
    </ClInclude>
    <ClInclude Include="Editor\Inspector\InspectorEditor.h">
      <Filter>头文件</Filter>
    </ClInclude>
    <ClInclude Include="Editor\Inspector\InspectorMapping.h">
      <Filter>头文件</Filter>
    </ClInclude>
    <ClInclude Include="Editor\Inspector\PropertyInspectorMapping.h">
      <Filter>头文件</Filter>
    </ClInclude>
    <ClInclude Include="Editor\Inspector\RegisterInspector.h">
      <Filter>头文件</Filter>
    </ClInclude>
    <ClInclude Include="Engine\Mesh\SubMesh\BoxMesh.h">
      <Filter>头文件</Filter>
    </ClInclude>
    <ClInclude Include="Engine\Component\Mesh\SubMeshComponent\BoxMeshComponent.h">
      <Filter>头文件</Filter>
    </ClInclude>
    <ClInclude Include="Engine\Component\Mesh\SubMeshComponent\ConeMeshComponent.h">
      <Filter>头文件</Filter>
    </ClInclude>
    <ClInclude Include="Engine\Component\Mesh\SubMeshComponent\CylinderMeshComponent.h">
      <Filter>头文件</Filter>
    </ClInclude>
    <ClInclude Include="Engine\Component\Mesh\SubMeshComponent\PlaneMeshComponent.h">
      <Filter>头文件</Filter>
    </ClInclude>
    <ClInclude Include="Engine\Component\Mesh\SubMeshComponent\SphereMeshComponent.h">
      <Filter>头文件</Filter>
    </ClInclude>
    <ClInclude Include="Engine\Mesh\SubMesh\ConeMesh.h">
      <Filter>头文件</Filter>
    </ClInclude>
    <ClInclude Include="Engine\Mesh\SubMesh\CustomMesh.h">
      <Filter>头文件</Filter>
    </ClInclude>
    <ClInclude Include="Engine\Mesh\SubMesh\CylinderMesh.h">
      <Filter>头文件</Filter>
    </ClInclude>
    <ClInclude Include="Engine\Mesh\SubMesh\PlaneMesh.h">
      <Filter>头文件</Filter>
    </ClInclude>
    <ClInclude Include="Engine\Mesh\SubMesh\SphereMesh.h">
      <Filter>头文件</Filter>
    </ClInclude>
    <ClInclude Include="Engine\Mesh\MeshMinimal.h">
      <Filter>头文件</Filter>
    </ClInclude>
    <ClInclude Include="Engine\Component\Light\PointLightComponent.h">
      <Filter>头文件</Filter>
    </ClInclude>
    <ClInclude Include="Engine\Component\Light\ParallelLightComponent.h">
      <Filter>头文件</Filter>
    </ClInclude>
    <ClInclude Include="Engine\Component\Light\SpotLightComponent.h">
      <Filter>头文件</Filter>
    </ClInclude>
    <ClInclude Include="Engine\Light\ParallelLight.h">
      <Filter>头文件</Filter>
    </ClInclude>
    <ClInclude Include="Engine\Light\PointLight.h">
      <Filter>头文件</Filter>
    </ClInclude>
    <ClInclude Include="Engine\Light\SpotLight.h">
      <Filter>头文件</Filter>
    </ClInclude>
    <ClInclude Include="Engine\Light\RLightMinimal.h">
      <Filter>头文件</Filter>
    </ClInclude>
    <ClInclude Include="Editor\Inspector\ClassInspectorMapping.h">
      <Filter>头文件</Filter>
    </ClInclude>
    <ClInclude Include="Editor\OperationHandle\OperationHandleManage.h">
      <Filter>头文件</Filter>
    </ClInclude>
    <ClInclude Include="Editor\OperationHandle\OperationHandleBase.h">
      <Filter>头文件</Filter>
    </ClInclude>
    <ClInclude Include="Editor\OperationHandle\MoveArrow.h">
      <Filter>头文件</Filter>
    </ClInclude>
    <ClInclude Include="Editor\OperationHandle\RotatorArrow.h">
      <Filter>头文件</Filter>
    </ClInclude>
    <ClInclude Include="Editor\OperationHandle\ScalingArrow.h">
      <Filter>头文件</Filter>
    </ClInclude>
    <ClInclude Include="Engine\Render\Pipeline\RenderLayer\RenderLayerType\OpaqueLayer.h">
      <Filter>头文件</Filter>
    </ClInclude>
    <ClInclude Include="Engine\Render\Pipeline\RenderLayer\RenderLayerType\SelectLayer.h">
      <Filter>头文件</Filter>
    </ClInclude>
    <ClInclude Include="Engine\Render\Pipeline\RenderLayer\RenderLayerType\SkyLayer.h">
      <Filter>头文件</Filter>
    </ClInclude>
    <ClInclude Include="Engine\Render\Pipeline\RenderLayer\RenderLayerMinimal.h">
      <Filter>头文件</Filter>
    </ClInclude>
    <ClInclude Include="Engine\Render\Pipeline\RenderLayer\RenderLayerType\PositionHandleLayer.h">
      <Filter>头文件</Filter>
    </ClInclude>
    <ClInclude Include="Engine\Render\Pipeline\RenderLayer\RenderLayerType\RotateHandleLayer.h">
      <Filter>头文件</Filter>
    </ClInclude>
    <ClInclude Include="Timer\GameTimer.h">
      <Filter>头文件</Filter>
    </ClInclude>
  </ItemGroup>
  <ItemGroup>
    <Library Include="imgui\libs\glfw\lib-vc2010-32\glfw3.lib" />
  </ItemGroup>
  <ItemGroup>
    <None Include="packages.config" />
  </ItemGroup>
</Project>