
Microsoft Visual Studio Solution File, Format Version 12.00
# Visual Studio Version 17
VisualStudioVersion = 17.2.32505.173
MinimumVisualStudioVersion = 10.0.40219.1
Project("{8BC9CEB8-8B4A-11D0-8D11-00A0C91BC942}") = "REngine2", "Source\REngine2\REngine2.vcxproj", "{39903DD4-ED6B-4576-A61F-E3FF6227EB52}"
EndProject
Project("{8BC9CEB8-8B4A-11D0-8D11-00A0C91BC942}") = "SimpleLibrary", "Source\SimpleLibrary\SimpleLibrary.vcxproj", "{D359466A-841F-42ED-9B5B-D0A6C4C5601F}"
EndProject
Project("{8BC9CEB8-8B4A-11D0-8D11-00A0C91BC942}") = "REngineCoreObject", "Source\REngineCoreObject\REngineCoreObject.vcxproj", "{2BEED27B-583B-4647-BA4E-44E0025AEBE1}"
EndProject
Project("{8BC9CEB8-8B4A-11D0-8D11-00A0C91BC942}") = "REngineHelp", "Source\REngineHelp\REngineHelp.vcxproj", "{02A0D248-D23A-4675-B5D2-23AD38FA9C99}"
EndProject
Project("{8BC9CEB8-8B4A-11D0-8D11-00A0C91BC942}") = "EngineBuildTool", "Source\EngineBuildTool\EngineBuildTool.vcxproj", "{10391D87-2D13-4956-BD4E-460D7317359E}"
EndProject
Project("{8BC9CEB8-8B4A-11D0-8D11-00A0C91BC942}") = "AssetImport", "Source\AssetImport\AssetImport.vcxproj", "{A727E5AA-9312-4888-8E52-D5480A07B2A1}"
EndProject
Global
	GlobalSection(SolutionConfigurationPlatforms) = preSolution
		Debug|x64 = Debug|x64
		Debug|x86 = Debug|x86
		Release|x64 = Release|x64
		Release|x86 = Release|x86
	EndGlobalSection
	GlobalSection(ProjectConfigurationPlatforms) = postSolution
		{39903DD4-ED6B-4576-A61F-E3FF6227EB52}.Debug|x64.ActiveCfg = Debug|x64
		{39903DD4-ED6B-4576-A61F-E3FF6227EB52}.Debug|x64.Build.0 = Debug|x64
		{39903DD4-ED6B-4576-A61F-E3FF6227EB52}.Debug|x86.ActiveCfg = Debug|Win32
		{39903DD4-ED6B-4576-A61F-E3FF6227EB52}.Debug|x86.Build.0 = Debug|Win32
		{39903DD4-ED6B-4576-A61F-E3FF6227EB52}.Release|x64.ActiveCfg = Release|x64
		{39903DD4-ED6B-4576-A61F-E3FF6227EB52}.Release|x64.Build.0 = Release|x64
		{39903DD4-ED6B-4576-A61F-E3FF6227EB52}.Release|x86.ActiveCfg = Release|Win32
		{39903DD4-ED6B-4576-A61F-E3FF6227EB52}.Release|x86.Build.0 = Release|Win32
		{D359466A-841F-42ED-9B5B-D0A6C4C5601F}.Debug|x64.ActiveCfg = Debug|x64
		{D359466A-841F-42ED-9B5B-D0A6C4C5601F}.Debug|x64.Build.0 = Debug|x64
		{D359466A-841F-42ED-9B5B-D0A6C4C5601F}.Debug|x86.ActiveCfg = Debug|Win32
		{D359466A-841F-42ED-9B5B-D0A6C4C5601F}.Debug|x86.Build.0 = Debug|Win32
		{D359466A-841F-42ED-9B5B-D0A6C4C5601F}.Release|x64.ActiveCfg = Release|x64
		{D359466A-841F-42ED-9B5B-D0A6C4C5601F}.Release|x64.Build.0 = Release|x64
		{D359466A-841F-42ED-9B5B-D0A6C4C5601F}.Release|x86.ActiveCfg = Release|Win32
		{D359466A-841F-42ED-9B5B-D0A6C4C5601F}.Release|x86.Build.0 = Release|Win32
		{2BEED27B-583B-4647-BA4E-44E0025AEBE1}.Debug|x64.ActiveCfg = Debug|x64
		{2BEED27B-583B-4647-BA4E-44E0025AEBE1}.Debug|x64.Build.0 = Debug|x64
		{2BEED27B-583B-4647-BA4E-44E0025AEBE1}.Debug|x86.ActiveCfg = Debug|Win32
		{2BEED27B-583B-4647-BA4E-44E0025AEBE1}.Debug|x86.Build.0 = Debug|Win32
		{2BEED27B-583B-4647-BA4E-44E0025AEBE1}.Release|x64.ActiveCfg = Release|x64
		{2BEED27B-583B-4647-BA4E-44E0025AEBE1}.Release|x64.Build.0 = Release|x64
		{2BEED27B-583B-4647-BA4E-44E0025AEBE1}.Release|x86.ActiveCfg = Release|Win32
		{2BEED27B-583B-4647-BA4E-44E0025AEBE1}.Release|x86.Build.0 = Release|Win32
		{02A0D248-D23A-4675-B5D2-23AD38FA9C99}.Debug|x64.ActiveCfg = Debug|x64
		{02A0D248-D23A-4675-B5D2-23AD38FA9C99}.Debug|x64.Build.0 = Debug|x64
		{02A0D248-D23A-4675-B5D2-23AD38FA9C99}.Debug|x86.ActiveCfg = Debug|Win32
		{02A0D248-D23A-4675-B5D2-23AD38FA9C99}.Debug|x86.Build.0 = Debug|Win32
		{02A0D248-D23A-4675-B5D2-23AD38FA9C99}.Release|x64.ActiveCfg = Release|x64
		{02A0D248-D23A-4675-B5D2-23AD38FA9C99}.Release|x64.Build.0 = Release|x64
		{02A0D248-D23A-4675-B5D2-23AD38FA9C99}.Release|x86.ActiveCfg = Release|Win32
		{02A0D248-D23A-4675-B5D2-23AD38FA9C99}.Release|x86.Build.0 = Release|Win32
		{10391D87-2D13-4956-BD4E-460D7317359E}.Debug|x64.ActiveCfg = Debug|x64
		{10391D87-2D13-4956-BD4E-460D7317359E}.Debug|x64.Build.0 = Debug|x64
		{10391D87-2D13-4956-BD4E-460D7317359E}.Debug|x86.ActiveCfg = Debug|Win32
		{10391D87-2D13-4956-BD4E-460D7317359E}.Debug|x86.Build.0 = Debug|Win32
		{10391D87-2D13-4956-BD4E-460D7317359E}.Release|x64.ActiveCfg = Release|x64
		{10391D87-2D13-4956-BD4E-460D7317359E}.Release|x64.Build.0 = Release|x64
		{10391D87-2D13-4956-BD4E-460D7317359E}.Release|x86.ActiveCfg = Release|Win32
		{10391D87-2D13-4956-BD4E-460D7317359E}.Release|x86.Build.0 = Release|Win32
		{A727E5AA-9312-4888-8E52-D5480A07B2A1}.Debug|x64.ActiveCfg = Debug|x64
		{A727E5AA-9312-4888-8E52-D5480A07B2A1}.Debug|x64.Build.0 = Debug|x64
		{A727E5AA-9312-4888-8E52-D5480A07B2A1}.Debug|x86.ActiveCfg = Debug|Win32
		{A727E5AA-9312-4888-8E52-D5480A07B2A1}.Debug|x86.Build.0 = Debug|Win32
		{A727E5AA-9312-4888-8E52-D5480A07B2A1}.Release|x64.ActiveCfg = Release|x64
		{A727E5AA-9312-4888-8E52-D5480A07B2A1}.Release|x64.Build.0 = Release|x64
		{A727E5AA-9312-4888-8E52-D5480A07B2A1}.Release|x86.ActiveCfg = Release|Win32
		{A727E5AA-9312-4888-8E52-D5480A07B2A1}.Release|x86.Build.0 = Release|Win32
	EndGlobalSection
	GlobalSection(SolutionProperties) = preSolution
		HideSolutionNode = FALSE
	EndGlobalSection
	GlobalSection(ExtensibilityGlobals) = postSolution
		SolutionGuid = {E6277DD7-C703-448B-9B84-EEB22E21D1D0}
	EndGlobalSection
EndGlobal
