<?xml version="1.0" encoding="utf-8"?>
<Project ToolsVersion="4.0" xmlns="http://schemas.microsoft.com/developer/msbuild/2003">
  <ItemGroup>
    <Filter Include="源文件">
      <UniqueIdentifier>{4FC737F1-C7A5-4376-A066-2A32D752A2FF}</UniqueIdentifier>
      <Extensions>cpp;c;cc;cxx;c++;cppm;ixx;def;odl;idl;hpj;bat;asm;asmx</Extensions>
    </Filter>
    <Filter Include="头文件">
      <UniqueIdentifier>{93995380-89BD-4b04-88EB-625FBE52EBFB}</UniqueIdentifier>
      <Extensions>h;hh;hpp;hxx;h++;hm;inl;inc;ipp;xsd</Extensions>
    </Filter>
    <Filter Include="资源文件">
      <UniqueIdentifier>{67DA6AB6-F800-4c08-8B7A-83BB121AAD01}</UniqueIdentifier>
      <Extensions>rc;ico;cur;bmp;dlg;rc2;rct;bin;rgs;gif;jpg;jpeg;jpe;resx;tiff;tif;png;wav;mfcribbon-ms</Extensions>
    </Filter>
  </ItemGroup>
  <ItemGroup>
    <ClInclude Include="ThirdPartyLibrary\FBX\include\fbxsdk\core\arch\fbxalloc.h">
      <Filter>头文件</Filter>
    </ClInclude>
    <ClInclude Include="ThirdPartyLibrary\FBX\include\fbxsdk\core\arch\fbxarch.h">
      <Filter>头文件</Filter>
    </ClInclude>
    <ClInclude Include="ThirdPartyLibrary\FBX\include\fbxsdk\core\arch\fbxdebug.h">
      <Filter>头文件</Filter>
    </ClInclude>
    <ClInclude Include="ThirdPartyLibrary\FBX\include\fbxsdk\core\arch\fbxnew.h">
      <Filter>头文件</Filter>
    </ClInclude>
    <ClInclude Include="ThirdPartyLibrary\FBX\include\fbxsdk\core\arch\fbxstdcompliant.h">
      <Filter>头文件</Filter>
    </ClInclude>
    <ClInclude Include="ThirdPartyLibrary\FBX\include\fbxsdk\core\arch\fbxtypes.h">
      <Filter>头文件</Filter>
    </ClInclude>
    <ClInclude Include="ThirdPartyLibrary\FBX\include\fbxsdk\core\base\fbxarray.h">
      <Filter>头文件</Filter>
    </ClInclude>
    <ClInclude Include="ThirdPartyLibrary\FBX\include\fbxsdk\core\base\fbxbitset.h">
      <Filter>头文件</Filter>
    </ClInclude>
    <ClInclude Include="ThirdPartyLibrary\FBX\include\fbxsdk\core\base\fbxcharptrset.h">
      <Filter>头文件</Filter>
    </ClInclude>
    <ClInclude Include="ThirdPartyLibrary\FBX\include\fbxsdk\core\base\fbxcontainerallocators.h">
      <Filter>头文件</Filter>
    </ClInclude>
    <ClInclude Include="ThirdPartyLibrary\FBX\include\fbxsdk\core\base\fbxdynamicarray.h">
      <Filter>头文件</Filter>
    </ClInclude>
    <ClInclude Include="ThirdPartyLibrary\FBX\include\fbxsdk\core\base\fbxfile.h">
      <Filter>头文件</Filter>
    </ClInclude>
    <ClInclude Include="ThirdPartyLibrary\FBX\include\fbxsdk\core\base\fbxfolder.h">
      <Filter>头文件</Filter>
    </ClInclude>
    <ClInclude Include="ThirdPartyLibrary\FBX\include\fbxsdk\core\base\fbxhashmap.h">
      <Filter>头文件</Filter>
    </ClInclude>
    <ClInclude Include="ThirdPartyLibrary\FBX\include\fbxsdk\core\base\fbxintrusivelist.h">
      <Filter>头文件</Filter>
    </ClInclude>
    <ClInclude Include="ThirdPartyLibrary\FBX\include\fbxsdk\core\base\fbxmap.h">
      <Filter>头文件</Filter>
    </ClInclude>
    <ClInclude Include="ThirdPartyLibrary\FBX\include\fbxsdk\core\base\fbxmemorypool.h">
      <Filter>头文件</Filter>
    </ClInclude>
    <ClInclude Include="ThirdPartyLibrary\FBX\include\fbxsdk\core\base\fbxmultimap.h">
      <Filter>头文件</Filter>
    </ClInclude>
    <ClInclude Include="ThirdPartyLibrary\FBX\include\fbxsdk\core\base\fbxpair.h">
      <Filter>头文件</Filter>
    </ClInclude>
    <ClInclude Include="ThirdPartyLibrary\FBX\include\fbxsdk\core\base\fbxredblacktree.h">
      <Filter>头文件</Filter>
    </ClInclude>
    <ClInclude Include="ThirdPartyLibrary\FBX\include\fbxsdk\core\base\fbxset.h">
      <Filter>头文件</Filter>
    </ClInclude>
    <ClInclude Include="ThirdPartyLibrary\FBX\include\fbxsdk\core\base\fbxstatus.h">
      <Filter>头文件</Filter>
    </ClInclude>
    <ClInclude Include="ThirdPartyLibrary\FBX\include\fbxsdk\core\base\fbxstring.h">
      <Filter>头文件</Filter>
    </ClInclude>
    <ClInclude Include="ThirdPartyLibrary\FBX\include\fbxsdk\core\base\fbxstringlist.h">
      <Filter>头文件</Filter>
    </ClInclude>
    <ClInclude Include="ThirdPartyLibrary\FBX\include\fbxsdk\core\base\fbxtime.h">
      <Filter>头文件</Filter>
    </ClInclude>
    <ClInclude Include="ThirdPartyLibrary\FBX\include\fbxsdk\core\base\fbxtimecode.h">
      <Filter>头文件</Filter>
    </ClInclude>
    <ClInclude Include="ThirdPartyLibrary\FBX\include\fbxsdk\core\base\fbxutils.h">
      <Filter>头文件</Filter>
    </ClInclude>
    <ClInclude Include="ThirdPartyLibrary\FBX\include\fbxsdk\core\math\fbxaffinematrix.h">
      <Filter>头文件</Filter>
    </ClInclude>
    <ClInclude Include="ThirdPartyLibrary\FBX\include\fbxsdk\core\math\fbxdualquaternion.h">
      <Filter>头文件</Filter>
    </ClInclude>
    <ClInclude Include="ThirdPartyLibrary\FBX\include\fbxsdk\core\math\fbxmath.h">
      <Filter>头文件</Filter>
    </ClInclude>
    <ClInclude Include="ThirdPartyLibrary\FBX\include\fbxsdk\core\math\fbxmatrix.h">
      <Filter>头文件</Filter>
    </ClInclude>
    <ClInclude Include="ThirdPartyLibrary\FBX\include\fbxsdk\core\math\fbxquaternion.h">
      <Filter>头文件</Filter>
    </ClInclude>
    <ClInclude Include="ThirdPartyLibrary\FBX\include\fbxsdk\core\math\fbxtransforms.h">
      <Filter>头文件</Filter>
    </ClInclude>
    <ClInclude Include="ThirdPartyLibrary\FBX\include\fbxsdk\core\math\fbxvector2.h">
      <Filter>头文件</Filter>
    </ClInclude>
    <ClInclude Include="ThirdPartyLibrary\FBX\include\fbxsdk\core\math\fbxvector4.h">
      <Filter>头文件</Filter>
    </ClInclude>
    <ClInclude Include="ThirdPartyLibrary\FBX\include\fbxsdk\core\sync\fbxatomic.h">
      <Filter>头文件</Filter>
    </ClInclude>
    <ClInclude Include="ThirdPartyLibrary\FBX\include\fbxsdk\core\sync\fbxclock.h">
      <Filter>头文件</Filter>
    </ClInclude>
    <ClInclude Include="ThirdPartyLibrary\FBX\include\fbxsdk\core\sync\fbxsync.h">
      <Filter>头文件</Filter>
    </ClInclude>
    <ClInclude Include="ThirdPartyLibrary\FBX\include\fbxsdk\core\sync\fbxthread.h">
      <Filter>头文件</Filter>
    </ClInclude>
    <ClInclude Include="ThirdPartyLibrary\FBX\include\fbxsdk\core\fbxclassid.h">
      <Filter>头文件</Filter>
    </ClInclude>
    <ClInclude Include="ThirdPartyLibrary\FBX\include\fbxsdk\core\fbxconnectionpoint.h">
      <Filter>头文件</Filter>
    </ClInclude>
    <ClInclude Include="ThirdPartyLibrary\FBX\include\fbxsdk\core\fbxdatatypes.h">
      <Filter>头文件</Filter>
    </ClInclude>
    <ClInclude Include="ThirdPartyLibrary\FBX\include\fbxsdk\core\fbxemitter.h">
      <Filter>头文件</Filter>
    </ClInclude>
    <ClInclude Include="ThirdPartyLibrary\FBX\include\fbxsdk\core\fbxevent.h">
      <Filter>头文件</Filter>
    </ClInclude>
    <ClInclude Include="ThirdPartyLibrary\FBX\include\fbxsdk\core\fbxeventhandler.h">
      <Filter>头文件</Filter>
    </ClInclude>
    <ClInclude Include="ThirdPartyLibrary\FBX\include\fbxsdk\core\fbxlistener.h">
      <Filter>头文件</Filter>
    </ClInclude>
    <ClInclude Include="ThirdPartyLibrary\FBX\include\fbxsdk\core\fbxloadingstrategy.h">
      <Filter>头文件</Filter>
    </ClInclude>
    <ClInclude Include="ThirdPartyLibrary\FBX\include\fbxsdk\core\fbxmanager.h">
      <Filter>头文件</Filter>
    </ClInclude>
    <ClInclude Include="ThirdPartyLibrary\FBX\include\fbxsdk\core\fbxmodule.h">
      <Filter>头文件</Filter>
    </ClInclude>
    <ClInclude Include="ThirdPartyLibrary\FBX\include\fbxsdk\core\fbxobject.h">
      <Filter>头文件</Filter>
    </ClInclude>
    <ClInclude Include="ThirdPartyLibrary\FBX\include\fbxsdk\core\fbxperipheral.h">
      <Filter>头文件</Filter>
    </ClInclude>
    <ClInclude Include="ThirdPartyLibrary\FBX\include\fbxsdk\core\fbxplugin.h">
      <Filter>头文件</Filter>
    </ClInclude>
    <ClInclude Include="ThirdPartyLibrary\FBX\include\fbxsdk\core\fbxplugincontainer.h">
      <Filter>头文件</Filter>
    </ClInclude>
    <ClInclude Include="ThirdPartyLibrary\FBX\include\fbxsdk\core\fbxproperty.h">
      <Filter>头文件</Filter>
    </ClInclude>
    <ClInclude Include="ThirdPartyLibrary\FBX\include\fbxsdk\core\fbxpropertydef.h">
      <Filter>头文件</Filter>
    </ClInclude>
    <ClInclude Include="ThirdPartyLibrary\FBX\include\fbxsdk\core\fbxpropertyhandle.h">
      <Filter>头文件</Filter>
    </ClInclude>
    <ClInclude Include="ThirdPartyLibrary\FBX\include\fbxsdk\core\fbxpropertypage.h">
      <Filter>头文件</Filter>
    </ClInclude>
    <ClInclude Include="ThirdPartyLibrary\FBX\include\fbxsdk\core\fbxpropertytypes.h">
      <Filter>头文件</Filter>
    </ClInclude>
    <ClInclude Include="ThirdPartyLibrary\FBX\include\fbxsdk\core\fbxquery.h">
      <Filter>头文件</Filter>
    </ClInclude>
    <ClInclude Include="ThirdPartyLibrary\FBX\include\fbxsdk\core\fbxqueryevent.h">
      <Filter>头文件</Filter>
    </ClInclude>
    <ClInclude Include="ThirdPartyLibrary\FBX\include\fbxsdk\core\fbxscopedloadingdirectory.h">
      <Filter>头文件</Filter>
    </ClInclude>
    <ClInclude Include="ThirdPartyLibrary\FBX\include\fbxsdk\core\fbxscopedloadingfilename.h">
      <Filter>头文件</Filter>
    </ClInclude>
    <ClInclude Include="ThirdPartyLibrary\FBX\include\fbxsdk\core\fbxstream.h">
      <Filter>头文件</Filter>
    </ClInclude>
    <ClInclude Include="ThirdPartyLibrary\FBX\include\fbxsdk\core\fbxsymbol.h">
      <Filter>头文件</Filter>
    </ClInclude>
    <ClInclude Include="ThirdPartyLibrary\FBX\include\fbxsdk\core\fbxsystemunit.h">
      <Filter>头文件</Filter>
    </ClInclude>
    <ClInclude Include="ThirdPartyLibrary\FBX\include\fbxsdk\core\fbxxref.h">
      <Filter>头文件</Filter>
    </ClInclude>
    <ClInclude Include="ThirdPartyLibrary\FBX\include\fbxsdk\fileio\collada\fbxcolladaanimationelement.h">
      <Filter>头文件</Filter>
    </ClInclude>
    <ClInclude Include="ThirdPartyLibrary\FBX\include\fbxsdk\fileio\collada\fbxcolladaelement.h">
      <Filter>头文件</Filter>
    </ClInclude>
    <ClInclude Include="ThirdPartyLibrary\FBX\include\fbxsdk\fileio\collada\fbxcolladaiostream.h">
      <Filter>头文件</Filter>
    </ClInclude>
    <ClInclude Include="ThirdPartyLibrary\FBX\include\fbxsdk\fileio\collada\fbxcolladanamespace.h">
      <Filter>头文件</Filter>
    </ClInclude>
    <ClInclude Include="ThirdPartyLibrary\FBX\include\fbxsdk\fileio\collada\fbxcolladatokens.h">
      <Filter>头文件</Filter>
    </ClInclude>
    <ClInclude Include="ThirdPartyLibrary\FBX\include\fbxsdk\fileio\collada\fbxcolladautils.h">
      <Filter>头文件</Filter>
    </ClInclude>
    <ClInclude Include="ThirdPartyLibrary\FBX\include\fbxsdk\fileio\collada\fbxreadercollada14.h">
      <Filter>头文件</Filter>
    </ClInclude>
    <ClInclude Include="ThirdPartyLibrary\FBX\include\fbxsdk\fileio\collada\fbxwritercollada14.h">
      <Filter>头文件</Filter>
    </ClInclude>
    <ClInclude Include="ThirdPartyLibrary\FBX\include\fbxsdk\fileio\fbx\fbxio.h">
      <Filter>头文件</Filter>
    </ClInclude>
    <ClInclude Include="ThirdPartyLibrary\FBX\include\fbxsdk\fileio\fbx\fbxreaderfbx5.h">
      <Filter>头文件</Filter>
    </ClInclude>
    <ClInclude Include="ThirdPartyLibrary\FBX\include\fbxsdk\fileio\fbx\fbxreaderfbx6.h">
      <Filter>头文件</Filter>
    </ClInclude>
    <ClInclude Include="ThirdPartyLibrary\FBX\include\fbxsdk\fileio\fbx\fbxreaderfbx7.h">
      <Filter>头文件</Filter>
    </ClInclude>
    <ClInclude Include="ThirdPartyLibrary\FBX\include\fbxsdk\fileio\fbx\fbxwriterfbx5.h">
      <Filter>头文件</Filter>
    </ClInclude>
    <ClInclude Include="ThirdPartyLibrary\FBX\include\fbxsdk\fileio\fbx\fbxwriterfbx6.h">
      <Filter>头文件</Filter>
    </ClInclude>
    <ClInclude Include="ThirdPartyLibrary\FBX\include\fbxsdk\fileio\fbx\fbxwriterfbx7.h">
      <Filter>头文件</Filter>
    </ClInclude>
    <ClInclude Include="ThirdPartyLibrary\FBX\include\fbxsdk\fileio\fbxbase64coder.h">
      <Filter>头文件</Filter>
    </ClInclude>
    <ClInclude Include="ThirdPartyLibrary\FBX\include\fbxsdk\fileio\fbxexporter.h">
      <Filter>头文件</Filter>
    </ClInclude>
    <ClInclude Include="ThirdPartyLibrary\FBX\include\fbxsdk\fileio\fbxexternaldocreflistener.h">
      <Filter>头文件</Filter>
    </ClInclude>
    <ClInclude Include="ThirdPartyLibrary\FBX\include\fbxsdk\fileio\fbxfiletokens.h">
      <Filter>头文件</Filter>
    </ClInclude>
    <ClInclude Include="ThirdPartyLibrary\FBX\include\fbxsdk\fileio\fbxglobalcamerasettings.h">
      <Filter>头文件</Filter>
    </ClInclude>
    <ClInclude Include="ThirdPartyLibrary\FBX\include\fbxsdk\fileio\fbxgloballightsettings.h">
      <Filter>头文件</Filter>
    </ClInclude>
    <ClInclude Include="ThirdPartyLibrary\FBX\include\fbxsdk\fileio\fbxglobalsettings.h">
      <Filter>头文件</Filter>
    </ClInclude>
    <ClInclude Include="ThirdPartyLibrary\FBX\include\fbxsdk\fileio\fbxgobo.h">
      <Filter>头文件</Filter>
    </ClInclude>
    <ClInclude Include="ThirdPartyLibrary\FBX\include\fbxsdk\fileio\fbximporter.h">
      <Filter>头文件</Filter>
    </ClInclude>
    <ClInclude Include="ThirdPartyLibrary\FBX\include\fbxsdk\fileio\fbxiobase.h">
      <Filter>头文件</Filter>
    </ClInclude>
    <ClInclude Include="ThirdPartyLibrary\FBX\include\fbxsdk\fileio\fbxiopluginregistry.h">
      <Filter>头文件</Filter>
    </ClInclude>
    <ClInclude Include="ThirdPartyLibrary\FBX\include\fbxsdk\fileio\fbxiosettings.h">
      <Filter>头文件</Filter>
    </ClInclude>
    <ClInclude Include="ThirdPartyLibrary\FBX\include\fbxsdk\fileio\fbxiosettingspath.h">
      <Filter>头文件</Filter>
    </ClInclude>
    <ClInclude Include="ThirdPartyLibrary\FBX\include\fbxsdk\fileio\fbxprogress.h">
      <Filter>头文件</Filter>
    </ClInclude>
    <ClInclude Include="ThirdPartyLibrary\FBX\include\fbxsdk\fileio\fbxreader.h">
      <Filter>头文件</Filter>
    </ClInclude>
    <ClInclude Include="ThirdPartyLibrary\FBX\include\fbxsdk\fileio\fbxstatistics.h">
      <Filter>头文件</Filter>
    </ClInclude>
    <ClInclude Include="ThirdPartyLibrary\FBX\include\fbxsdk\fileio\fbxstatisticsfbx.h">
      <Filter>头文件</Filter>
    </ClInclude>
    <ClInclude Include="ThirdPartyLibrary\FBX\include\fbxsdk\fileio\fbxwriter.h">
      <Filter>头文件</Filter>
    </ClInclude>
    <ClInclude Include="ThirdPartyLibrary\FBX\include\fbxsdk\scene\animation\fbxanimcurve.h">
      <Filter>头文件</Filter>
    </ClInclude>
    <ClInclude Include="ThirdPartyLibrary\FBX\include\fbxsdk\scene\animation\fbxanimcurvebase.h">
      <Filter>头文件</Filter>
    </ClInclude>
    <ClInclude Include="ThirdPartyLibrary\FBX\include\fbxsdk\scene\animation\fbxanimcurvefilters.h">
      <Filter>头文件</Filter>
    </ClInclude>
    <ClInclude Include="ThirdPartyLibrary\FBX\include\fbxsdk\scene\animation\fbxanimcurvenode.h">
      <Filter>头文件</Filter>
    </ClInclude>
    <ClInclude Include="ThirdPartyLibrary\FBX\include\fbxsdk\scene\animation\fbxanimevalclassic.h">
      <Filter>头文件</Filter>
    </ClInclude>
    <ClInclude Include="ThirdPartyLibrary\FBX\include\fbxsdk\scene\animation\fbxanimevalstate.h">
      <Filter>头文件</Filter>
    </ClInclude>
    <ClInclude Include="ThirdPartyLibrary\FBX\include\fbxsdk\scene\animation\fbxanimevaluator.h">
      <Filter>头文件</Filter>
    </ClInclude>
    <ClInclude Include="ThirdPartyLibrary\FBX\include\fbxsdk\scene\animation\fbxanimlayer.h">
      <Filter>头文件</Filter>
    </ClInclude>
    <ClInclude Include="ThirdPartyLibrary\FBX\include\fbxsdk\scene\animation\fbxanimstack.h">
      <Filter>头文件</Filter>
    </ClInclude>
    <ClInclude Include="ThirdPartyLibrary\FBX\include\fbxsdk\scene\animation\fbxanimutilities.h">
      <Filter>头文件</Filter>
    </ClInclude>
    <ClInclude Include="ThirdPartyLibrary\FBX\include\fbxsdk\scene\constraint\fbxcharacter.h">
      <Filter>头文件</Filter>
    </ClInclude>
    <ClInclude Include="ThirdPartyLibrary\FBX\include\fbxsdk\scene\constraint\fbxcharacternodename.h">
      <Filter>头文件</Filter>
    </ClInclude>
    <ClInclude Include="ThirdPartyLibrary\FBX\include\fbxsdk\scene\constraint\fbxcharacterpose.h">
      <Filter>头文件</Filter>
    </ClInclude>
    <ClInclude Include="ThirdPartyLibrary\FBX\include\fbxsdk\scene\constraint\fbxconstraint.h">
      <Filter>头文件</Filter>
    </ClInclude>
    <ClInclude Include="ThirdPartyLibrary\FBX\include\fbxsdk\scene\constraint\fbxconstraintaim.h">
      <Filter>头文件</Filter>
    </ClInclude>
    <ClInclude Include="ThirdPartyLibrary\FBX\include\fbxsdk\scene\constraint\fbxconstraintcustom.h">
      <Filter>头文件</Filter>
    </ClInclude>
    <ClInclude Include="ThirdPartyLibrary\FBX\include\fbxsdk\scene\constraint\fbxconstraintparent.h">
      <Filter>头文件</Filter>
    </ClInclude>
    <ClInclude Include="ThirdPartyLibrary\FBX\include\fbxsdk\scene\constraint\fbxconstraintposition.h">
      <Filter>头文件</Filter>
    </ClInclude>
    <ClInclude Include="ThirdPartyLibrary\FBX\include\fbxsdk\scene\constraint\fbxconstraintrotation.h">
      <Filter>头文件</Filter>
    </ClInclude>
    <ClInclude Include="ThirdPartyLibrary\FBX\include\fbxsdk\scene\constraint\fbxconstraintscale.h">
      <Filter>头文件</Filter>
    </ClInclude>
    <ClInclude Include="ThirdPartyLibrary\FBX\include\fbxsdk\scene\constraint\fbxconstraintsinglechainik.h">
      <Filter>头文件</Filter>
    </ClInclude>
    <ClInclude Include="ThirdPartyLibrary\FBX\include\fbxsdk\scene\constraint\fbxconstraintutils.h">
      <Filter>头文件</Filter>
    </ClInclude>
    <ClInclude Include="ThirdPartyLibrary\FBX\include\fbxsdk\scene\constraint\fbxcontrolset.h">
      <Filter>头文件</Filter>
    </ClInclude>
    <ClInclude Include="ThirdPartyLibrary\FBX\include\fbxsdk\scene\constraint\fbxhik2fbxcharacter.h">
      <Filter>头文件</Filter>
    </ClInclude>
    <ClInclude Include="ThirdPartyLibrary\FBX\include\fbxsdk\scene\geometry\fbxblendshape.h">
      <Filter>头文件</Filter>
    </ClInclude>
    <ClInclude Include="ThirdPartyLibrary\FBX\include\fbxsdk\scene\geometry\fbxblendshapechannel.h">
      <Filter>头文件</Filter>
    </ClInclude>
    <ClInclude Include="ThirdPartyLibrary\FBX\include\fbxsdk\scene\geometry\fbxcache.h">
      <Filter>头文件</Filter>
    </ClInclude>
    <ClInclude Include="ThirdPartyLibrary\FBX\include\fbxsdk\scene\geometry\fbxcachedeffect.h">
      <Filter>头文件</Filter>
    </ClInclude>
    <ClInclude Include="ThirdPartyLibrary\FBX\include\fbxsdk\scene\geometry\fbxcamera.h">
      <Filter>头文件</Filter>
    </ClInclude>
    <ClInclude Include="ThirdPartyLibrary\FBX\include\fbxsdk\scene\geometry\fbxcamerastereo.h">
      <Filter>头文件</Filter>
    </ClInclude>
    <ClInclude Include="ThirdPartyLibrary\FBX\include\fbxsdk\scene\geometry\fbxcameraswitcher.h">
      <Filter>头文件</Filter>
    </ClInclude>
    <ClInclude Include="ThirdPartyLibrary\FBX\include\fbxsdk\scene\geometry\fbxcluster.h">
      <Filter>头文件</Filter>
    </ClInclude>
    <ClInclude Include="ThirdPartyLibrary\FBX\include\fbxsdk\scene\geometry\fbxdeformer.h">
      <Filter>头文件</Filter>
    </ClInclude>
    <ClInclude Include="ThirdPartyLibrary\FBX\include\fbxsdk\scene\geometry\fbxgenericnode.h">
      <Filter>头文件</Filter>
    </ClInclude>
    <ClInclude Include="ThirdPartyLibrary\FBX\include\fbxsdk\scene\geometry\fbxgeometry.h">
      <Filter>头文件</Filter>
    </ClInclude>
    <ClInclude Include="ThirdPartyLibrary\FBX\include\fbxsdk\scene\geometry\fbxgeometrybase.h">
      <Filter>头文件</Filter>
    </ClInclude>
    <ClInclude Include="ThirdPartyLibrary\FBX\include\fbxsdk\scene\geometry\fbxgeometryweightedmap.h">
      <Filter>头文件</Filter>
    </ClInclude>
    <ClInclude Include="ThirdPartyLibrary\FBX\include\fbxsdk\scene\geometry\fbxlayer.h">
      <Filter>头文件</Filter>
    </ClInclude>
    <ClInclude Include="ThirdPartyLibrary\FBX\include\fbxsdk\scene\geometry\fbxlayercontainer.h">
      <Filter>头文件</Filter>
    </ClInclude>
    <ClInclude Include="ThirdPartyLibrary\FBX\include\fbxsdk\scene\geometry\fbxlight.h">
      <Filter>头文件</Filter>
    </ClInclude>
    <ClInclude Include="ThirdPartyLibrary\FBX\include\fbxsdk\scene\geometry\fbxlimitsutilities.h">
      <Filter>头文件</Filter>
    </ClInclude>
    <ClInclude Include="ThirdPartyLibrary\FBX\include\fbxsdk\scene\geometry\fbxline.h">
      <Filter>头文件</Filter>
    </ClInclude>
    <ClInclude Include="ThirdPartyLibrary\FBX\include\fbxsdk\scene\geometry\fbxlodgroup.h">
      <Filter>头文件</Filter>
    </ClInclude>
    <ClInclude Include="ThirdPartyLibrary\FBX\include\fbxsdk\scene\geometry\fbxmarker.h">
      <Filter>头文件</Filter>
    </ClInclude>
    <ClInclude Include="ThirdPartyLibrary\FBX\include\fbxsdk\scene\geometry\fbxmesh.h">
      <Filter>头文件</Filter>
    </ClInclude>
    <ClInclude Include="ThirdPartyLibrary\FBX\include\fbxsdk\scene\geometry\fbxnode.h">
      <Filter>头文件</Filter>
    </ClInclude>
    <ClInclude Include="ThirdPartyLibrary\FBX\include\fbxsdk\scene\geometry\fbxnodeattribute.h">
      <Filter>头文件</Filter>
    </ClInclude>
    <ClInclude Include="ThirdPartyLibrary\FBX\include\fbxsdk\scene\geometry\fbxnull.h">
      <Filter>头文件</Filter>
    </ClInclude>
    <ClInclude Include="ThirdPartyLibrary\FBX\include\fbxsdk\scene\geometry\fbxnurbs.h">
      <Filter>头文件</Filter>
    </ClInclude>
    <ClInclude Include="ThirdPartyLibrary\FBX\include\fbxsdk\scene\geometry\fbxnurbscurve.h">
      <Filter>头文件</Filter>
    </ClInclude>
    <ClInclude Include="ThirdPartyLibrary\FBX\include\fbxsdk\scene\geometry\fbxnurbssurface.h">
      <Filter>头文件</Filter>
    </ClInclude>
    <ClInclude Include="ThirdPartyLibrary\FBX\include\fbxsdk\scene\geometry\fbxopticalreference.h">
      <Filter>头文件</Filter>
    </ClInclude>
    <ClInclude Include="ThirdPartyLibrary\FBX\include\fbxsdk\scene\geometry\fbxpatch.h">
      <Filter>头文件</Filter>
    </ClInclude>
    <ClInclude Include="ThirdPartyLibrary\FBX\include\fbxsdk\scene\geometry\fbxproceduralgeometry.h">
      <Filter>头文件</Filter>
    </ClInclude>
    <ClInclude Include="ThirdPartyLibrary\FBX\include\fbxsdk\scene\geometry\fbxshape.h">
      <Filter>头文件</Filter>
    </ClInclude>
    <ClInclude Include="ThirdPartyLibrary\FBX\include\fbxsdk\scene\geometry\fbxskeleton.h">
      <Filter>头文件</Filter>
    </ClInclude>
    <ClInclude Include="ThirdPartyLibrary\FBX\include\fbxsdk\scene\geometry\fbxskin.h">
      <Filter>头文件</Filter>
    </ClInclude>
    <ClInclude Include="ThirdPartyLibrary\FBX\include\fbxsdk\scene\geometry\fbxsubdeformer.h">
      <Filter>头文件</Filter>
    </ClInclude>
    <ClInclude Include="ThirdPartyLibrary\FBX\include\fbxsdk\scene\geometry\fbxsubdiv.h">
      <Filter>头文件</Filter>
    </ClInclude>
    <ClInclude Include="ThirdPartyLibrary\FBX\include\fbxsdk\scene\geometry\fbxtrimnurbssurface.h">
      <Filter>头文件</Filter>
    </ClInclude>
    <ClInclude Include="ThirdPartyLibrary\FBX\include\fbxsdk\scene\geometry\fbxvertexcachedeformer.h">
      <Filter>头文件</Filter>
    </ClInclude>
    <ClInclude Include="ThirdPartyLibrary\FBX\include\fbxsdk\scene\geometry\fbxweightedmapping.h">
      <Filter>头文件</Filter>
    </ClInclude>
    <ClInclude Include="ThirdPartyLibrary\FBX\include\fbxsdk\scene\shading\fbxbindingoperator.h">
      <Filter>头文件</Filter>
    </ClInclude>
    <ClInclude Include="ThirdPartyLibrary\FBX\include\fbxsdk\scene\shading\fbxbindingsentryview.h">
      <Filter>头文件</Filter>
    </ClInclude>
    <ClInclude Include="ThirdPartyLibrary\FBX\include\fbxsdk\scene\shading\fbxbindingtable.h">
      <Filter>头文件</Filter>
    </ClInclude>
    <ClInclude Include="ThirdPartyLibrary\FBX\include\fbxsdk\scene\shading\fbxbindingtablebase.h">
      <Filter>头文件</Filter>
    </ClInclude>
    <ClInclude Include="ThirdPartyLibrary\FBX\include\fbxsdk\scene\shading\fbxbindingtableentry.h">
      <Filter>头文件</Filter>
    </ClInclude>
    <ClInclude Include="ThirdPartyLibrary\FBX\include\fbxsdk\scene\shading\fbxconstantentryview.h">
      <Filter>头文件</Filter>
    </ClInclude>
    <ClInclude Include="ThirdPartyLibrary\FBX\include\fbxsdk\scene\shading\fbxentryview.h">
      <Filter>头文件</Filter>
    </ClInclude>
    <ClInclude Include="ThirdPartyLibrary\FBX\include\fbxsdk\scene\shading\fbxfiletexture.h">
      <Filter>头文件</Filter>
    </ClInclude>
    <ClInclude Include="ThirdPartyLibrary\FBX\include\fbxsdk\scene\shading\fbximplementation.h">
      <Filter>头文件</Filter>
    </ClInclude>
    <ClInclude Include="ThirdPartyLibrary\FBX\include\fbxsdk\scene\shading\fbximplementationfilter.h">
      <Filter>头文件</Filter>
    </ClInclude>
    <ClInclude Include="ThirdPartyLibrary\FBX\include\fbxsdk\scene\shading\fbximplementationutils.h">
      <Filter>头文件</Filter>
    </ClInclude>
    <ClInclude Include="ThirdPartyLibrary\FBX\include\fbxsdk\scene\shading\fbxlayeredtexture.h">
      <Filter>头文件</Filter>
    </ClInclude>
    <ClInclude Include="ThirdPartyLibrary\FBX\include\fbxsdk\scene\shading\fbxlayerentryview.h">
      <Filter>头文件</Filter>
    </ClInclude>
    <ClInclude Include="ThirdPartyLibrary\FBX\include\fbxsdk\scene\shading\fbxoperatorentryview.h">
      <Filter>头文件</Filter>
    </ClInclude>
    <ClInclude Include="ThirdPartyLibrary\FBX\include\fbxsdk\scene\shading\fbxproceduraltexture.h">
      <Filter>头文件</Filter>
    </ClInclude>
    <ClInclude Include="ThirdPartyLibrary\FBX\include\fbxsdk\scene\shading\fbxpropertyentryview.h">
      <Filter>头文件</Filter>
    </ClInclude>
    <ClInclude Include="ThirdPartyLibrary\FBX\include\fbxsdk\scene\shading\fbxsemanticentryview.h">
      <Filter>头文件</Filter>
    </ClInclude>
    <ClInclude Include="ThirdPartyLibrary\FBX\include\fbxsdk\scene\shading\fbxshadingconventions.h">
      <Filter>头文件</Filter>
    </ClInclude>
    <ClInclude Include="ThirdPartyLibrary\FBX\include\fbxsdk\scene\shading\fbxsurfacelambert.h">
      <Filter>头文件</Filter>
    </ClInclude>
    <ClInclude Include="ThirdPartyLibrary\FBX\include\fbxsdk\scene\shading\fbxsurfacematerial.h">
      <Filter>头文件</Filter>
    </ClInclude>
    <ClInclude Include="ThirdPartyLibrary\FBX\include\fbxsdk\scene\shading\fbxsurfacephong.h">
      <Filter>头文件</Filter>
    </ClInclude>
    <ClInclude Include="ThirdPartyLibrary\FBX\include\fbxsdk\scene\shading\fbxtexture.h">
      <Filter>头文件</Filter>
    </ClInclude>
    <ClInclude Include="ThirdPartyLibrary\FBX\include\fbxsdk\scene\fbxaudio.h">
      <Filter>头文件</Filter>
    </ClInclude>
    <ClInclude Include="ThirdPartyLibrary\FBX\include\fbxsdk\scene\fbxaudiolayer.h">
      <Filter>头文件</Filter>
    </ClInclude>
    <ClInclude Include="ThirdPartyLibrary\FBX\include\fbxsdk\scene\fbxaxissystem.h">
      <Filter>头文件</Filter>
    </ClInclude>
    <ClInclude Include="ThirdPartyLibrary\FBX\include\fbxsdk\scene\fbxcollection.h">
      <Filter>头文件</Filter>
    </ClInclude>
    <ClInclude Include="ThirdPartyLibrary\FBX\include\fbxsdk\scene\fbxcollectionexclusive.h">
      <Filter>头文件</Filter>
    </ClInclude>
    <ClInclude Include="ThirdPartyLibrary\FBX\include\fbxsdk\scene\fbxcontainer.h">
      <Filter>头文件</Filter>
    </ClInclude>
    <ClInclude Include="ThirdPartyLibrary\FBX\include\fbxsdk\scene\fbxcontainertemplate.h">
      <Filter>头文件</Filter>
    </ClInclude>
    <ClInclude Include="ThirdPartyLibrary\FBX\include\fbxsdk\scene\fbxdisplaylayer.h">
      <Filter>头文件</Filter>
    </ClInclude>
    <ClInclude Include="ThirdPartyLibrary\FBX\include\fbxsdk\scene\fbxdocument.h">
      <Filter>头文件</Filter>
    </ClInclude>
    <ClInclude Include="ThirdPartyLibrary\FBX\include\fbxsdk\scene\fbxdocumentinfo.h">
      <Filter>头文件</Filter>
    </ClInclude>
    <ClInclude Include="ThirdPartyLibrary\FBX\include\fbxsdk\scene\fbxenvironment.h">
      <Filter>头文件</Filter>
    </ClInclude>
    <ClInclude Include="ThirdPartyLibrary\FBX\include\fbxsdk\scene\fbxgroupname.h">
      <Filter>头文件</Filter>
    </ClInclude>
    <ClInclude Include="ThirdPartyLibrary\FBX\include\fbxsdk\scene\fbxlibrary.h">
      <Filter>头文件</Filter>
    </ClInclude>
    <ClInclude Include="ThirdPartyLibrary\FBX\include\fbxsdk\scene\fbxmediaclip.h">
      <Filter>头文件</Filter>
    </ClInclude>
    <ClInclude Include="ThirdPartyLibrary\FBX\include\fbxsdk\scene\fbxobjectfilter.h">
      <Filter>头文件</Filter>
    </ClInclude>
    <ClInclude Include="ThirdPartyLibrary\FBX\include\fbxsdk\scene\fbxobjectmetadata.h">
      <Filter>头文件</Filter>
    </ClInclude>
    <ClInclude Include="ThirdPartyLibrary\FBX\include\fbxsdk\scene\fbxobjectscontainer.h">
      <Filter>头文件</Filter>
    </ClInclude>
    <ClInclude Include="ThirdPartyLibrary\FBX\include\fbxsdk\scene\fbxpose.h">
      <Filter>头文件</Filter>
    </ClInclude>
    <ClInclude Include="ThirdPartyLibrary\FBX\include\fbxsdk\scene\fbxreference.h">
      <Filter>头文件</Filter>
    </ClInclude>
    <ClInclude Include="ThirdPartyLibrary\FBX\include\fbxsdk\scene\fbxscene.h">
      <Filter>头文件</Filter>
    </ClInclude>
    <ClInclude Include="ThirdPartyLibrary\FBX\include\fbxsdk\scene\fbxselectionnode.h">
      <Filter>头文件</Filter>
    </ClInclude>
    <ClInclude Include="ThirdPartyLibrary\FBX\include\fbxsdk\scene\fbxselectionset.h">
      <Filter>头文件</Filter>
    </ClInclude>
    <ClInclude Include="ThirdPartyLibrary\FBX\include\fbxsdk\scene\fbxtakeinfo.h">
      <Filter>头文件</Filter>
    </ClInclude>
    <ClInclude Include="ThirdPartyLibrary\FBX\include\fbxsdk\scene\fbxthumbnail.h">
      <Filter>头文件</Filter>
    </ClInclude>
    <ClInclude Include="ThirdPartyLibrary\FBX\include\fbxsdk\scene\fbxvideo.h">
      <Filter>头文件</Filter>
    </ClInclude>
    <ClInclude Include="ThirdPartyLibrary\FBX\include\fbxsdk\utils\fbxclonemanager.h">
      <Filter>头文件</Filter>
    </ClInclude>
    <ClInclude Include="ThirdPartyLibrary\FBX\include\fbxsdk\utils\fbxdeformationsevaluator.h">
      <Filter>头文件</Filter>
    </ClInclude>
    <ClInclude Include="ThirdPartyLibrary\FBX\include\fbxsdk\utils\fbxembeddedfilesaccumulator.h">
      <Filter>头文件</Filter>
    </ClInclude>
    <ClInclude Include="ThirdPartyLibrary\FBX\include\fbxsdk\utils\fbxgeometryconverter.h">
      <Filter>头文件</Filter>
    </ClInclude>
    <ClInclude Include="ThirdPartyLibrary\FBX\include\fbxsdk\utils\fbxmanipulators.h">
      <Filter>头文件</Filter>
    </ClInclude>
    <ClInclude Include="ThirdPartyLibrary\FBX\include\fbxsdk\utils\fbxmaterialconverter.h">
      <Filter>头文件</Filter>
    </ClInclude>
    <ClInclude Include="ThirdPartyLibrary\FBX\include\fbxsdk\utils\fbxnamehandler.h">
      <Filter>头文件</Filter>
    </ClInclude>
    <ClInclude Include="ThirdPartyLibrary\FBX\include\fbxsdk\utils\fbxprocessor.h">
      <Filter>头文件</Filter>
    </ClInclude>
    <ClInclude Include="ThirdPartyLibrary\FBX\include\fbxsdk\utils\fbxprocessorshaderdependency.h">
      <Filter>头文件</Filter>
    </ClInclude>
    <ClInclude Include="ThirdPartyLibrary\FBX\include\fbxsdk\utils\fbxprocessorxref.h">
      <Filter>头文件</Filter>
    </ClInclude>
    <ClInclude Include="ThirdPartyLibrary\FBX\include\fbxsdk\utils\fbxprocessorxrefuserlib.h">
      <Filter>头文件</Filter>
    </ClInclude>
    <ClInclude Include="ThirdPartyLibrary\FBX\include\fbxsdk\utils\fbxrenamingstrategy.h">
      <Filter>头文件</Filter>
    </ClInclude>
    <ClInclude Include="ThirdPartyLibrary\FBX\include\fbxsdk\utils\fbxrenamingstrategybase.h">
      <Filter>头文件</Filter>
    </ClInclude>
    <ClInclude Include="ThirdPartyLibrary\FBX\include\fbxsdk\utils\fbxrenamingstrategyfbx5.h">
      <Filter>头文件</Filter>
    </ClInclude>
    <ClInclude Include="ThirdPartyLibrary\FBX\include\fbxsdk\utils\fbxrenamingstrategyfbx6.h">
      <Filter>头文件</Filter>
    </ClInclude>
    <ClInclude Include="ThirdPartyLibrary\FBX\include\fbxsdk\utils\fbxrenamingstrategyfbx7.h">
      <Filter>头文件</Filter>
    </ClInclude>
    <ClInclude Include="ThirdPartyLibrary\FBX\include\fbxsdk\utils\fbxrenamingstrategyutilities.h">
      <Filter>头文件</Filter>
    </ClInclude>
    <ClInclude Include="ThirdPartyLibrary\FBX\include\fbxsdk\utils\fbxrootnodeutility.h">
      <Filter>头文件</Filter>
    </ClInclude>
    <ClInclude Include="ThirdPartyLibrary\FBX\include\fbxsdk\utils\fbxscenecheckutility.h">
      <Filter>头文件</Filter>
    </ClInclude>
    <ClInclude Include="ThirdPartyLibrary\FBX\include\fbxsdk\utils\fbxusernotification.h">
      <Filter>头文件</Filter>
    </ClInclude>
    <ClInclude Include="ThirdPartyLibrary\FBX\include\fbxsdk\fbxsdk_def.h">
      <Filter>头文件</Filter>
    </ClInclude>
    <ClInclude Include="ThirdPartyLibrary\FBX\include\fbxsdk\fbxsdk_nsbegin.h">
      <Filter>头文件</Filter>
    </ClInclude>
    <ClInclude Include="ThirdPartyLibrary\FBX\include\fbxsdk\fbxsdk_nsend.h">
      <Filter>头文件</Filter>
    </ClInclude>
    <ClInclude Include="ThirdPartyLibrary\FBX\include\fbxsdk\fbxsdk_version.h">
      <Filter>头文件</Filter>
    </ClInclude>
    <ClInclude Include="ThirdPartyLibrary\FBX\include\fbxsdk.h">
      <Filter>头文件</Filter>
    </ClInclude>
    <ClInclude Include="ImportSDK.h">
      <Filter>头文件</Filter>
    </ClInclude>
    <ClInclude Include="ImportExport.h">
      <Filter>头文件</Filter>
    </ClInclude>
  </ItemGroup>
  <ItemGroup>
    <ClCompile Include="ImportSDK.cpp">
      <Filter>源文件</Filter>
    </ClCompile>
  </ItemGroup>
  <ItemGroup>
    <None Include="packages.config" />
  </ItemGroup>
</Project>